{
    "version": 3,
    "terraform_version": "0.11.7",
    "serial": 3,
    "lineage": "026ba8dd-3c1c-c216-0a20-319a99da22c7",
    "modules": [
        {
            "path": [
                "root"
            ],
            "outputs": {},
            "resources": {
                "aws_instance.web1": {
                    "type": "aws_instance",
                    "depends_on": [],
                    "primary": {
                        "id": "i-085c91ebd1b78fc87",
                        "attributes": {
                            "ami": "ami-b70554c8",
                            "associate_public_ip_address": "true",
                            "availability_zone": "us-east-1c",
                            "credit_specification.#": "1",
                            "credit_specification.0.cpu_credits": "standard",
                            "disable_api_termination": "false",
                            "ebs_block_device.#": "0",
                            "ebs_optimized": "false",
                            "ephemeral_block_device.#": "0",
                            "get_password_data": "false",
                            "iam_instance_profile": "",
                            "id": "i-085c91ebd1b78fc87",
                            "instance_state": "running",
                            "instance_type": "t2.micro",
                            "ipv6_addresses.#": "0",
                            "key_name": "rupesh_vir",
                            "monitoring": "false",
                            "network_interface.#": "0",
                            "network_interface_id": "eni-0b2974772423d320a",
                            "password_data": "",
                            "placement_group": "",
                            "primary_network_interface_id": "eni-0b2974772423d320a",
                            "private_dns": "ip-172-31-20-58.ec2.internal",
                            "private_ip": "172.31.20.58",
                            "public_dns": "ec2-54-174-69-206.compute-1.amazonaws.com",
                            "public_ip": "54.174.69.206",
                            "root_block_device.#": "1",
                            "root_block_device.0.delete_on_termination": "true",
                            "root_block_device.0.iops": "100",
                            "root_block_device.0.volume_id": "vol-05491408053843630",
                            "root_block_device.0.volume_size": "8",
                            "root_block_device.0.volume_type": "gp2",
                            "security_groups.#": "1",
                            "security_groups.3814588639": "default",
                            "source_dest_check": "true",
                            "subnet_id": "subnet-38334572",
                            "tags.%": "1",
                            "tags.Name": "Instance1",
                            "tenancy": "default",
                            "volume_tags.%": "0",
                            "vpc_security_group_ids.#": "1",
                            "vpc_security_group_ids.743029600": "sg-990359d2"
                        },
                        "meta": {
                            "e2bfb730-ecaa-11e6-8f88-34363bc7c4c0": {
                                "create": 600000000000,
                                "delete": 1200000000000,
                                "update": 600000000000
                            },
                            "schema_version": "1"
                        },
                        "tainted": false
                    },
                    "deposed": [],
                    "provider": "provider.aws"
                }
            },
            "depends_on": []
        }
    ]
}
